
Microsoft Visual Studio Solution File, Format Version 12.00
# Visual Studio Version 16
VisualStudioVersion = 16.0.29905.134
MinimumVisualStudioVersion = 10.0.40219.1
Project("{FAE04EC0-301F-11D3-BF4B-00C04F79EFBC}") = "data-spec", "data-spec\data-spec.csproj", "{AA91F88A-9C4F-44F7-9E44-7B4BCD72A620}"
EndProject
Global
	GlobalSection(SolutionConfigurationPlatforms) = preSolution
		Debug|Any CPU = Debug|Any CPU
		Release|Any CPU = Release|Any CPU
	EndGlobalSection
	GlobalSection(ProjectConfigurationPlatforms) = postSolution
		{AA91F88A-9C4F-44F7-9E44-7B4BCD72A620}.Debug|Any CPU.ActiveCfg = Debug|Any CPU
		{AA91F88A-9C4F-44F7-9E44-7B4BCD72A620}.Debug|Any CPU.Build.0 = Debug|Any CPU
		{AA91F88A-9C4F-44F7-9E44-7B4BCD72A620}.Release|Any CPU.ActiveCfg = Release|Any CPU
		{AA91F88A-9C4F-44F7-9E44-7B4BCD72A620}.Release|Any CPU.Build.0 = Release|Any CPU
	EndGlobalSection
	GlobalSection(SolutionProperties) = preSolution
		HideSolutionNode = FALSE
	EndGlobalSection
	GlobalSection(ExtensibilityGlobals) = postSolution
		SolutionGuid = {15C16BAF-6A7B-452E-A34C-8243A05E43B8}
	EndGlobalSection
EndGlobal
